
Microsoft Visual Studio Solution File, Format Version 12.00
# Visual Studio Version 16
VisualStudioVersion = 16.0.29806.167
MinimumVisualStudioVersion = 10.0.40219.1
Project("{8BC9CEB8-8B4A-11D0-8D11-00A0C91BC942}") = "zzzMyStudyProject", "MyStudyProject\MyStudyProject.vcxproj", "{C32AC76B-5487-45D0-9B68-3D8B2416B9C2}"
EndProject
Project("{8BC9CEB8-8B4A-11D0-8D11-00A0C91BC942}") = "Array", "StudyProject\StudyProject.vcxproj", "{EA0D8E89-C98B-415D-8702-CF5083C744B3}"
EndProject
Project("{8BC9CEB8-8B4A-11D0-8D11-00A0C91BC942}") = "BinarySearch", "BinarySearch\BinarySearch.vcxproj", "{6B1CF7C0-7219-4240-A84B-E3CFCD8B28F1}"
EndProject
Project("{8BC9CEB8-8B4A-11D0-8D11-00A0C91BC942}") = "Backtracking", "Backtracking\Backtracking.vcxproj", "{A91D6519-F673-4B71-9C53-9D6E9FEE755A}"
EndProject
Project("{8BC9CEB8-8B4A-11D0-8D11-00A0C91BC942}") = "Stack", "Stack\Stack.vcxproj", "{FCC6C8E3-24F9-4E5F-B6F6-05D7A0B62C17}"
EndProject
Project("{8BC9CEB8-8B4A-11D0-8D11-00A0C91BC942}") = "Greedy", "Greedy\Greedy.vcxproj", "{DE91CCB6-08FF-47B1-98BA-ACCA390707CD}"
EndProject
Project("{8BC9CEB8-8B4A-11D0-8D11-00A0C91BC942}") = "Matrix", "Matrix\Matrix.vcxproj", "{9AAEEDE8-FB73-47A4-98AA-96A5791FFF47}"
EndProject
Project("{8BC9CEB8-8B4A-11D0-8D11-00A0C91BC942}") = "DynamicProgramming", "DynamicProgramming\DynamicProgramming.vcxproj", "{1D50D5CB-EE85-43A4-9579-0D8B98D72A6E}"
EndProject
Project("{8BC9CEB8-8B4A-11D0-8D11-00A0C91BC942}") = "Math", "Math\Math.vcxproj", "{03319B61-ACCA-4F98-9EDC-AA8EEA91D261}"
EndProject
Project("{8BC9CEB8-8B4A-11D0-8D11-00A0C91BC942}") = "TwoPointers", "TwoPointers\TwoPointers.vcxproj", "{5525A9E7-BE4C-44F4-A92D-8C5603A13F78}"
EndProject
Project("{8BC9CEB8-8B4A-11D0-8D11-00A0C91BC942}") = "Tree", "Tree\Tree.vcxproj", "{A20250BA-AA5F-4268-8DE5-7614182A68F6}"
EndProject
Project("{8BC9CEB8-8B4A-11D0-8D11-00A0C91BC942}") = "Trie", "Trie\Trie.vcxproj", "{D61BA4F5-758C-4ADA-AA17-66D3E0B0A17E}"
EndProject
Global
	GlobalSection(SolutionConfigurationPlatforms) = preSolution
		Debug|x64 = Debug|x64
		Debug|x86 = Debug|x86
		Release|x64 = Release|x64
		Release|x86 = Release|x86
	EndGlobalSection
	GlobalSection(ProjectConfigurationPlatforms) = postSolution
		{C32AC76B-5487-45D0-9B68-3D8B2416B9C2}.Debug|x64.ActiveCfg = Debug|x64
		{C32AC76B-5487-45D0-9B68-3D8B2416B9C2}.Debug|x64.Build.0 = Debug|x64
		{C32AC76B-5487-45D0-9B68-3D8B2416B9C2}.Debug|x86.ActiveCfg = Debug|Win32
		{C32AC76B-5487-45D0-9B68-3D8B2416B9C2}.Debug|x86.Build.0 = Debug|Win32
		{C32AC76B-5487-45D0-9B68-3D8B2416B9C2}.Release|x64.ActiveCfg = Release|x64
		{C32AC76B-5487-45D0-9B68-3D8B2416B9C2}.Release|x64.Build.0 = Release|x64
		{C32AC76B-5487-45D0-9B68-3D8B2416B9C2}.Release|x86.ActiveCfg = Release|Win32
		{C32AC76B-5487-45D0-9B68-3D8B2416B9C2}.Release|x86.Build.0 = Release|Win32
		{EA0D8E89-C98B-415D-8702-CF5083C744B3}.Debug|x64.ActiveCfg = Debug|x64
		{EA0D8E89-C98B-415D-8702-CF5083C744B3}.Debug|x64.Build.0 = Debug|x64
		{EA0D8E89-C98B-415D-8702-CF5083C744B3}.Debug|x86.ActiveCfg = Debug|Win32
		{EA0D8E89-C98B-415D-8702-CF5083C744B3}.Debug|x86.Build.0 = Debug|Win32
		{EA0D8E89-C98B-415D-8702-CF5083C744B3}.Release|x64.ActiveCfg = Release|x64
		{EA0D8E89-C98B-415D-8702-CF5083C744B3}.Release|x64.Build.0 = Release|x64
		{EA0D8E89-C98B-415D-8702-CF5083C744B3}.Release|x86.ActiveCfg = Release|Win32
		{EA0D8E89-C98B-415D-8702-CF5083C744B3}.Release|x86.Build.0 = Release|Win32
		{6B1CF7C0-7219-4240-A84B-E3CFCD8B28F1}.Debug|x64.ActiveCfg = Debug|x64
		{6B1CF7C0-7219-4240-A84B-E3CFCD8B28F1}.Debug|x64.Build.0 = Debug|x64
		{6B1CF7C0-7219-4240-A84B-E3CFCD8B28F1}.Debug|x86.ActiveCfg = Debug|Win32
		{6B1CF7C0-7219-4240-A84B-E3CFCD8B28F1}.Debug|x86.Build.0 = Debug|Win32
		{6B1CF7C0-7219-4240-A84B-E3CFCD8B28F1}.Release|x64.ActiveCfg = Release|x64
		{6B1CF7C0-7219-4240-A84B-E3CFCD8B28F1}.Release|x64.Build.0 = Release|x64
		{6B1CF7C0-7219-4240-A84B-E3CFCD8B28F1}.Release|x86.ActiveCfg = Release|Win32
		{6B1CF7C0-7219-4240-A84B-E3CFCD8B28F1}.Release|x86.Build.0 = Release|Win32
		{A91D6519-F673-4B71-9C53-9D6E9FEE755A}.Debug|x64.ActiveCfg = Debug|x64
		{A91D6519-F673-4B71-9C53-9D6E9FEE755A}.Debug|x64.Build.0 = Debug|x64
		{A91D6519-F673-4B71-9C53-9D6E9FEE755A}.Debug|x86.ActiveCfg = Debug|Win32
		{A91D6519-F673-4B71-9C53-9D6E9FEE755A}.Debug|x86.Build.0 = Debug|Win32
		{A91D6519-F673-4B71-9C53-9D6E9FEE755A}.Release|x64.ActiveCfg = Release|x64
		{A91D6519-F673-4B71-9C53-9D6E9FEE755A}.Release|x64.Build.0 = Release|x64
		{A91D6519-F673-4B71-9C53-9D6E9FEE755A}.Release|x86.ActiveCfg = Release|Win32
		{A91D6519-F673-4B71-9C53-9D6E9FEE755A}.Release|x86.Build.0 = Release|Win32
		{FCC6C8E3-24F9-4E5F-B6F6-05D7A0B62C17}.Debug|x64.ActiveCfg = Debug|x64
		{FCC6C8E3-24F9-4E5F-B6F6-05D7A0B62C17}.Debug|x64.Build.0 = Debug|x64
		{FCC6C8E3-24F9-4E5F-B6F6-05D7A0B62C17}.Debug|x86.ActiveCfg = Debug|Win32
		{FCC6C8E3-24F9-4E5F-B6F6-05D7A0B62C17}.Debug|x86.Build.0 = Debug|Win32
		{FCC6C8E3-24F9-4E5F-B6F6-05D7A0B62C17}.Release|x64.ActiveCfg = Release|x64
		{FCC6C8E3-24F9-4E5F-B6F6-05D7A0B62C17}.Release|x64.Build.0 = Release|x64
		{FCC6C8E3-24F9-4E5F-B6F6-05D7A0B62C17}.Release|x86.ActiveCfg = Release|Win32
		{FCC6C8E3-24F9-4E5F-B6F6-05D7A0B62C17}.Release|x86.Build.0 = Release|Win32
		{DE91CCB6-08FF-47B1-98BA-ACCA390707CD}.Debug|x64.ActiveCfg = Debug|x64
		{DE91CCB6-08FF-47B1-98BA-ACCA390707CD}.Debug|x64.Build.0 = Debug|x64
		{DE91CCB6-08FF-47B1-98BA-ACCA390707CD}.Debug|x86.ActiveCfg = Debug|Win32
		{DE91CCB6-08FF-47B1-98BA-ACCA390707CD}.Debug|x86.Build.0 = Debug|Win32
		{DE91CCB6-08FF-47B1-98BA-ACCA390707CD}.Release|x64.ActiveCfg = Release|x64
		{DE91CCB6-08FF-47B1-98BA-ACCA390707CD}.Release|x64.Build.0 = Release|x64
		{DE91CCB6-08FF-47B1-98BA-ACCA390707CD}.Release|x86.ActiveCfg = Release|Win32
		{DE91CCB6-08FF-47B1-98BA-ACCA390707CD}.Release|x86.Build.0 = Release|Win32
		{9AAEEDE8-FB73-47A4-98AA-96A5791FFF47}.Debug|x64.ActiveCfg = Debug|x64
		{9AAEEDE8-FB73-47A4-98AA-96A5791FFF47}.Debug|x64.Build.0 = Debug|x64
		{9AAEEDE8-FB73-47A4-98AA-96A5791FFF47}.Debug|x86.ActiveCfg = Debug|Win32
		{9AAEEDE8-FB73-47A4-98AA-96A5791FFF47}.Debug|x86.Build.0 = Debug|Win32
		{9AAEEDE8-FB73-47A4-98AA-96A5791FFF47}.Release|x64.ActiveCfg = Release|x64
		{9AAEEDE8-FB73-47A4-98AA-96A5791FFF47}.Release|x64.Build.0 = Release|x64
		{9AAEEDE8-FB73-47A4-98AA-96A5791FFF47}.Release|x86.ActiveCfg = Release|Win32
		{9AAEEDE8-FB73-47A4-98AA-96A5791FFF47}.Release|x86.Build.0 = Release|Win32
		{1D50D5CB-EE85-43A4-9579-0D8B98D72A6E}.Debug|x64.ActiveCfg = Debug|x64
		{1D50D5CB-EE85-43A4-9579-0D8B98D72A6E}.Debug|x64.Build.0 = Debug|x64
		{1D50D5CB-EE85-43A4-9579-0D8B98D72A6E}.Debug|x86.ActiveCfg = Debug|Win32
		{1D50D5CB-EE85-43A4-9579-0D8B98D72A6E}.Debug|x86.Build.0 = Debug|Win32
		{1D50D5CB-EE85-43A4-9579-0D8B98D72A6E}.Release|x64.ActiveCfg = Release|x64
		{1D50D5CB-EE85-43A4-9579-0D8B98D72A6E}.Release|x64.Build.0 = Release|x64
		{1D50D5CB-EE85-43A4-9579-0D8B98D72A6E}.Release|x86.ActiveCfg = Release|Win32
		{1D50D5CB-EE85-43A4-9579-0D8B98D72A6E}.Release|x86.Build.0 = Release|Win32
		{03319B61-ACCA-4F98-9EDC-AA8EEA91D261}.Debug|x64.ActiveCfg = Debug|x64
		{03319B61-ACCA-4F98-9EDC-AA8EEA91D261}.Debug|x64.Build.0 = Debug|x64
		{03319B61-ACCA-4F98-9EDC-AA8EEA91D261}.Debug|x86.ActiveCfg = Debug|Win32
		{03319B61-ACCA-4F98-9EDC-AA8EEA91D261}.Debug|x86.Build.0 = Debug|Win32
		{03319B61-ACCA-4F98-9EDC-AA8EEA91D261}.Release|x64.ActiveCfg = Release|x64
		{03319B61-ACCA-4F98-9EDC-AA8EEA91D261}.Release|x64.Build.0 = Release|x64
		{03319B61-ACCA-4F98-9EDC-AA8EEA91D261}.Release|x86.ActiveCfg = Release|Win32
		{03319B61-ACCA-4F98-9EDC-AA8EEA91D261}.Release|x86.Build.0 = Release|Win32
		{5525A9E7-BE4C-44F4-A92D-8C5603A13F78}.Debug|x64.ActiveCfg = Debug|x64
		{5525A9E7-BE4C-44F4-A92D-8C5603A13F78}.Debug|x64.Build.0 = Debug|x64
		{5525A9E7-BE4C-44F4-A92D-8C5603A13F78}.Debug|x86.ActiveCfg = Debug|Win32
		{5525A9E7-BE4C-44F4-A92D-8C5603A13F78}.Debug|x86.Build.0 = Debug|Win32
		{5525A9E7-BE4C-44F4-A92D-8C5603A13F78}.Release|x64.ActiveCfg = Release|x64
		{5525A9E7-BE4C-44F4-A92D-8C5603A13F78}.Release|x64.Build.0 = Release|x64
		{5525A9E7-BE4C-44F4-A92D-8C5603A13F78}.Release|x86.ActiveCfg = Release|Win32
		{5525A9E7-BE4C-44F4-A92D-8C5603A13F78}.Release|x86.Build.0 = Release|Win32
		{A20250BA-AA5F-4268-8DE5-7614182A68F6}.Debug|x64.ActiveCfg = Debug|x64
		{A20250BA-AA5F-4268-8DE5-7614182A68F6}.Debug|x64.Build.0 = Debug|x64
		{A20250BA-AA5F-4268-8DE5-7614182A68F6}.Debug|x86.ActiveCfg = Debug|Win32
		{A20250BA-AA5F-4268-8DE5-7614182A68F6}.Debug|x86.Build.0 = Debug|Win32
		{A20250BA-AA5F-4268-8DE5-7614182A68F6}.Release|x64.ActiveCfg = Release|x64
		{A20250BA-AA5F-4268-8DE5-7614182A68F6}.Release|x64.Build.0 = Release|x64
		{A20250BA-AA5F-4268-8DE5-7614182A68F6}.Release|x86.ActiveCfg = Release|Win32
		{A20250BA-AA5F-4268-8DE5-7614182A68F6}.Release|x86.Build.0 = Release|Win32
		{D61BA4F5-758C-4ADA-AA17-66D3E0B0A17E}.Debug|x64.ActiveCfg = Debug|x64
		{D61BA4F5-758C-4ADA-AA17-66D3E0B0A17E}.Debug|x64.Build.0 = Debug|x64
		{D61BA4F5-758C-4ADA-AA17-66D3E0B0A17E}.Debug|x86.ActiveCfg = Debug|Win32
		{D61BA4F5-758C-4ADA-AA17-66D3E0B0A17E}.Debug|x86.Build.0 = Debug|Win32
		{D61BA4F5-758C-4ADA-AA17-66D3E0B0A17E}.Release|x64.ActiveCfg = Release|x64
		{D61BA4F5-758C-4ADA-AA17-66D3E0B0A17E}.Release|x64.Build.0 = Release|x64
		{D61BA4F5-758C-4ADA-AA17-66D3E0B0A17E}.Release|x86.ActiveCfg = Release|Win32
		{D61BA4F5-758C-4ADA-AA17-66D3E0B0A17E}.Release|x86.Build.0 = Release|Win32
	EndGlobalSection
	GlobalSection(SolutionProperties) = preSolution
		HideSolutionNode = FALSE
	EndGlobalSection
	GlobalSection(ExtensibilityGlobals) = postSolution
		SolutionGuid = {12FFA46D-ABBD-44B6-9590-F340914CDBC7}
	EndGlobalSection
EndGlobal
