<?xml version="1.0" encoding="utf-8"?>
<Project ToolsVersion="4.0" xmlns="http://schemas.microsoft.com/developer/msbuild/2003">
  <ItemGroup>
    <Filter Include="Source Files">
      <UniqueIdentifier>{4FC737F1-C7A5-4376-A066-2A32D752A2FF}</UniqueIdentifier>
      <Extensions>cpp;c;cc;cxx;def;odl;idl;hpj;bat;asm;asmx</Extensions>
    </Filter>
    <Filter Include="Header Files">
      <UniqueIdentifier>{93995380-89BD-4b04-88EB-625FBE52EBFB}</UniqueIdentifier>
      <Extensions>h;hh;hpp;hxx;hm;inl;inc;xsd</Extensions>
    </Filter>
    <Filter Include="Resource Files">
      <UniqueIdentifier>{67DA6AB6-F800-4c08-8B7A-83BB121AAD01}</UniqueIdentifier>
      <Extensions>rc;ico;cur;bmp;dlg;rc2;rct;bin;rgs;gif;jpg;jpeg;jpe;resx;tiff;tif;png;wav;mfcribbon-ms</Extensions>
    </Filter>
    <Filter Include="Source Files\Tree">
      <UniqueIdentifier>{d40357f8-79c8-4c3c-a4b0-11e62e5a329a}</UniqueIdentifier>
    </Filter>
    <Filter Include="Source Files\LinkedList">
      <UniqueIdentifier>{dd1a06b5-066c-462e-9d2d-83682af39b08}</UniqueIdentifier>
    </Filter>
    <Filter Include="Source Files\DP">
      <UniqueIdentifier>{89c1e42c-98e0-453c-8a72-60a32f3f6a9b}</UniqueIdentifier>
    </Filter>
    <Filter Include="Source Files\String">
      <UniqueIdentifier>{46653850-5f2c-45ea-bea1-d79cac567dc9}</UniqueIdentifier>
    </Filter>
    <Filter Include="Source Files\UnionFind">
      <UniqueIdentifier>{18640031-95a6-4332-b53f-088b934eeffd}</UniqueIdentifier>
    </Filter>
    <Filter Include="Source Files\Tree\BinaryIndexedTree">
      <UniqueIdentifier>{a37fc334-802a-47c7-98c2-ecd345f5ec7a}</UniqueIdentifier>
    </Filter>
    <Filter Include="Source Files\Tree\Trie">
      <UniqueIdentifier>{2992b381-8826-4d5b-ba33-883b222f1c75}</UniqueIdentifier>
    </Filter>
    <Filter Include="Source Files\Backtracking">
      <UniqueIdentifier>{b8f0d1e4-8695-42fc-9081-cdfe145af49b}</UniqueIdentifier>
    </Filter>
    <Filter Include="Source Files\BucketSort">
      <UniqueIdentifier>{e0415b57-ed3d-4bdd-b89c-ec88bce05291}</UniqueIdentifier>
    </Filter>
    <Filter Include="Source Files\Divide and Conquer">
      <UniqueIdentifier>{ec938e20-8c8a-4257-8cf8-c91f3c36a325}</UniqueIdentifier>
    </Filter>
  </ItemGroup>
  <ItemGroup>
    <ClCompile Include="003-Longest Substring Without Repeating Characters.cpp">
      <Filter>Source Files</Filter>
    </ClCompile>
    <ClCompile Include="main.cpp">
      <Filter>Source Files</Filter>
    </ClCompile>
    <ClCompile Include="006-ZigZag Conversion.cpp">
      <Filter>Source Files</Filter>
    </ClCompile>
    <ClCompile Include="007-Reverse Integer.cpp">
      <Filter>Source Files</Filter>
    </ClCompile>
    <ClCompile Include="009-Palindrome Number.cpp">
      <Filter>Source Files</Filter>
    </ClCompile>
    <ClCompile Include="011-Container With Most Water.cpp">
      <Filter>Source Files</Filter>
    </ClCompile>
    <ClCompile Include="012-Integer to Roman.cpp">
      <Filter>Source Files</Filter>
    </ClCompile>
    <ClCompile Include="014-Longest Common Prefix.cpp">
      <Filter>Source Files</Filter>
    </ClCompile>
    <ClCompile Include="019-Remove Nth Node From End of List.cpp">
      <Filter>Source Files</Filter>
    </ClCompile>
    <ClCompile Include="020-Valid Parentheses.cpp">
      <Filter>Source Files</Filter>
    </ClCompile>
    <ClCompile Include="021-Merge Two Sorted Lists.cpp">
      <Filter>Source Files</Filter>
    </ClCompile>
    <ClCompile Include="[022-Generate Parentheses].cpp">
      <Filter>Source Files</Filter>
    </ClCompile>
    <ClCompile Include="00-013-Roman to Integer.cpp">
      <Filter>Source Files</Filter>
    </ClCompile>
    <ClCompile Include="00-018-4Sum.cpp">
      <Filter>Source Files</Filter>
    </ClCompile>
    <ClCompile Include="00-008-String to Integer.cpp">
      <Filter>Source Files</Filter>
    </ClCompile>
    <ClCompile Include="[017- Letter Combinations of a Phone Number].cpp">
      <Filter>Source Files</Filter>
    </ClCompile>
    <ClCompile Include="00-010-Regular Expression Matching.cpp">
      <Filter>Source Files</Filter>
    </ClCompile>
    <ClCompile Include="029-Divide Two Integers.cpp">
      <Filter>Source Files</Filter>
    </ClCompile>
    <ClCompile Include="[031-Next Permutation].cpp">
      <Filter>Source Files</Filter>
    </ClCompile>
    <ClCompile Include="033-Search in Rotated Sorted Array.cpp">
      <Filter>Source Files</Filter>
    </ClCompile>
    <ClCompile Include="034-Search for a Range.cpp">
      <Filter>Source Files</Filter>
    </ClCompile>
    <ClCompile Include="024-Swap Nodes in Pairs.cpp">
      <Filter>Source Files</Filter>
    </ClCompile>
    <ClCompile Include="025-Reverse Nodes in k-Group.cpp">
      <Filter>Source Files</Filter>
    </ClCompile>
    <ClCompile Include="026-Remove Duplicates from Sorted Array.cpp">
      <Filter>Source Files</Filter>
    </ClCompile>
    <ClCompile Include="027-Remove Element.cpp">
      <Filter>Source Files</Filter>
    </ClCompile>
    <ClCompile Include="028-Implement strStr.cpp">
      <Filter>Source Files</Filter>
    </ClCompile>
    <ClCompile Include="00-004-Median of Two Sorted Arrays.cpp">
      <Filter>Source Files</Filter>
    </ClCompile>
    <ClCompile Include="00-016-3Sum Closest.cpp">
      <Filter>Source Files</Filter>
    </ClCompile>
    <ClCompile Include="00-032-Longest Valid Parentheses.cpp">
      <Filter>Source Files</Filter>
    </ClCompile>
    <ClCompile Include="[030-Substring with Concatenation of All Words].cpp">
      <Filter>Source Files</Filter>
    </ClCompile>
    <ClCompile Include="035-Search Insert Position.cpp">
      <Filter>Source Files</Filter>
    </ClCompile>
    <ClCompile Include="036-Valid Sudoku.cpp">
      <Filter>Source Files</Filter>
    </ClCompile>
    <ClCompile Include="[037-Sudoku Solver].cpp">
      <Filter>Source Files</Filter>
    </ClCompile>
    <ClCompile Include="038-Count and Say.cpp">
      <Filter>Source Files</Filter>
    </ClCompile>
    <ClCompile Include="039-Combination Sum.cpp">
      <Filter>Source Files</Filter>
    </ClCompile>
    <ClCompile Include="043-Multiply Strings.cpp">
      <Filter>Source Files</Filter>
    </ClCompile>
    <ClCompile Include="[044-Wildcard Matching].cpp">
      <Filter>Source Files</Filter>
    </ClCompile>
    <ClCompile Include="[045-Jump Game II].cpp">
      <Filter>Source Files</Filter>
    </ClCompile>
    <ClCompile Include="[048-Rotate Image].cpp">
      <Filter>Source Files</Filter>
    </ClCompile>
    <ClCompile Include="049-Group Anagrams.cpp">
      <Filter>Source Files</Filter>
    </ClCompile>
    <ClCompile Include="050-Pow.cpp">
      <Filter>Source Files</Filter>
    </ClCompile>
    <ClCompile Include="[051-N Queens].cpp">
      <Filter>Source Files</Filter>
    </ClCompile>
    <ClCompile Include="052-N Queen II.cpp">
      <Filter>Source Files</Filter>
    </ClCompile>
    <ClCompile Include="[053-Maximum Subarray].cpp">
      <Filter>Source Files</Filter>
    </ClCompile>
    <ClCompile Include="000-054-Spiral Matrix.cpp">
      <Filter>Source Files</Filter>
    </ClCompile>
    <ClCompile Include="056-Merge Intervals.cpp">
      <Filter>Source Files</Filter>
    </ClCompile>
    <ClCompile Include="057-Insert Interval.cpp">
      <Filter>Source Files</Filter>
    </ClCompile>
    <ClCompile Include="058-Length of Last Word.cpp">
      <Filter>Source Files</Filter>
    </ClCompile>
    <ClCompile Include="059-Spiral Matrix II.cpp">
      <Filter>Source Files</Filter>
    </ClCompile>
    <ClCompile Include="[060-Permutation Sequence].cpp">
      <Filter>Source Files</Filter>
    </ClCompile>
    <ClCompile Include="061-Rotate List.cpp">
      <Filter>Source Files</Filter>
    </ClCompile>
    <ClCompile Include="[062-Unique Paths].cpp">
      <Filter>Source Files</Filter>
    </ClCompile>
    <ClCompile Include="063-Unique Paths II.cpp">
      <Filter>Source Files</Filter>
    </ClCompile>
    <ClCompile Include="064-Minimum Path Sum.cpp">
      <Filter>Source Files</Filter>
    </ClCompile>
    <ClCompile Include="000-065-Valid Number.cpp">
      <Filter>Source Files</Filter>
    </ClCompile>
    <ClCompile Include="066-Plus One.cpp">
      <Filter>Source Files</Filter>
    </ClCompile>
    <ClCompile Include="067-Add Binary.cpp">
      <Filter>Source Files</Filter>
    </ClCompile>
    <ClCompile Include="068-Text Justification.cpp">
      <Filter>Source Files</Filter>
    </ClCompile>
    <ClCompile Include="070-Climbing Stairs.cpp">
      <Filter>Source Files</Filter>
    </ClCompile>
    <ClCompile Include="000-069-Sqrt.cpp">
      <Filter>Source Files</Filter>
    </ClCompile>
    <ClCompile Include="071-Simplify Path.cpp">
      <Filter>Source Files</Filter>
    </ClCompile>
    <ClCompile Include="073-Set Matrix Zeroes.cpp">
      <Filter>Source Files</Filter>
    </ClCompile>
    <ClCompile Include="074-Search a 2D Matrix.cpp">
      <Filter>Source Files</Filter>
    </ClCompile>
    <ClCompile Include="075-Sort Colors.cpp">
      <Filter>Source Files</Filter>
    </ClCompile>
    <ClCompile Include="[076-Minimum Window Substring].cpp">
      <Filter>Source Files</Filter>
    </ClCompile>
    <ClCompile Include="[077-Combinations].cpp">
      <Filter>Source Files</Filter>
    </ClCompile>
    <ClCompile Include="080-Remove Duplicates from Sorted Array II.cpp">
      <Filter>Source Files</Filter>
    </ClCompile>
    <ClCompile Include="081-Search in Rotated Sorted Array II.cpp">
      <Filter>Source Files</Filter>
    </ClCompile>
    <ClCompile Include="083-Remove Duplicates from Sorted List.cpp">
      <Filter>Source Files</Filter>
    </ClCompile>
    <ClCompile Include="082-Remove Duplicates from Sorted List II.cpp">
      <Filter>Source Files</Filter>
    </ClCompile>
    <ClCompile Include="[042-Trapping Rain Water].cpp">
      <Filter>Source Files</Filter>
    </ClCompile>
    <ClCompile Include="[084-Largest Rectangle in Histogram].cpp">
      <Filter>Source Files</Filter>
    </ClCompile>
    <ClCompile Include="[085-Maximal Rectangle].cpp">
      <Filter>Source Files</Filter>
    </ClCompile>
    <ClCompile Include="086-Partition List.cpp">
      <Filter>Source Files</Filter>
    </ClCompile>
    <ClCompile Include="[087-Scramble String].cpp">
      <Filter>Source Files</Filter>
    </ClCompile>
    <ClCompile Include="000-023-Merge k Sorted Lists.cpp">
      <Filter>Source Files</Filter>
    </ClCompile>
    <ClCompile Include="088-Merge Sorted Array.cpp">
      <Filter>Source Files</Filter>
    </ClCompile>
    <ClCompile Include="[089-Gray Code].cpp">
      <Filter>Source Files</Filter>
    </ClCompile>
    <ClCompile Include="[078-Subsets].cpp">
      <Filter>Source Files</Filter>
    </ClCompile>
    <ClCompile Include="000-090-Subsets II.cpp">
      <Filter>Source Files</Filter>
    </ClCompile>
    <ClCompile Include="[091-Decode Ways].cpp">
      <Filter>Source Files</Filter>
    </ClCompile>
    <ClCompile Include="092-Reverse Linked List II.cpp">
      <Filter>Source Files</Filter>
    </ClCompile>
    <ClCompile Include="093-Restore IP Addresses.cpp">
      <Filter>Source Files</Filter>
    </ClCompile>
    <ClCompile Include="000-097-Interleaving String.cpp">
      <Filter>Source Files</Filter>
    </ClCompile>
    <ClCompile Include="[115-Distinct Subsequences].cpp">
      <Filter>Source Files</Filter>
    </ClCompile>
    <ClCompile Include="116-Populating Next Right Pointers in Each Node.cpp">
      <Filter>Source Files</Filter>
    </ClCompile>
    <ClCompile Include="117-Populating Next Right Pointers in Each Node II.cpp">
      <Filter>Source Files</Filter>
    </ClCompile>
    <ClCompile Include="118-Pascal%27s Triangle.cpp">
      <Filter>Source Files</Filter>
    </ClCompile>
    <ClCompile Include="[120-Triangle].cpp">
      <Filter>Source Files</Filter>
    </ClCompile>
    <ClCompile Include="125-Valid Palindrome.cpp">
      <Filter>Source Files</Filter>
    </ClCompile>
    <ClCompile Include="126-Word Ladder II.cpp">
      <Filter>Source Files</Filter>
    </ClCompile>
    <ClCompile Include="127 - Word Ladder.cpp">
      <Filter>Source Files</Filter>
    </ClCompile>
    <ClCompile Include="129 - Sum Root to Leaf Numbers.cpp">
      <Filter>Source Files</Filter>
    </ClCompile>
    <ClCompile Include="[131 - Palindrome Partitioning].cpp">
      <Filter>Source Files</Filter>
    </ClCompile>
    <ClCompile Include="[132 - Palindrome Partitioning II].cpp">
      <Filter>Source Files</Filter>
    </ClCompile>
    <ClCompile Include="133 - Clone Graph.cpp">
      <Filter>Source Files</Filter>
    </ClCompile>
    <ClCompile Include="[134 - Gas Station].cpp">
      <Filter>Source Files</Filter>
    </ClCompile>
    <ClCompile Include="[135 - Candy].cpp">
      <Filter>Source Files</Filter>
    </ClCompile>
    <ClCompile Include="136 - Single Number.cpp">
      <Filter>Source Files</Filter>
    </ClCompile>
    <ClCompile Include="[137 - Single Number II].cpp">
      <Filter>Source Files</Filter>
    </ClCompile>
    <ClCompile Include="[139 - Word Break].cpp">
      <Filter>Source Files</Filter>
    </ClCompile>
    <ClCompile Include="[140 - Word Break II].cpp">
      <Filter>Source Files</Filter>
    </ClCompile>
    <ClCompile Include="144 - Binary Tree Preorder Traversal.cpp">
      <Filter>Source Files\Tree</Filter>
    </ClCompile>
    <ClCompile Include="[142 - Linked List Cycle II].cpp">
      <Filter>Source Files\LinkedList</Filter>
    </ClCompile>
    <ClCompile Include="143 -Reorder List.cpp">
      <Filter>Source Files\LinkedList</Filter>
    </ClCompile>
    <ClCompile Include="141 - Linked List Cycle.cpp">
      <Filter>Source Files\LinkedList</Filter>
    </ClCompile>
    <ClCompile Include="107-Binary Tree Level Order Traversal II.cpp">
      <Filter>Source Files\Tree</Filter>
    </ClCompile>
    <ClCompile Include="110-Balanced Binary Tree.cpp">
      <Filter>Source Files\Tree</Filter>
    </ClCompile>
    <ClCompile Include="124-Binary Tree Maximum Path Sum.cpp">
      <Filter>Source Files\Tree</Filter>
    </ClCompile>
    <ClCompile Include="112-Path Sum.cpp">
      <Filter>Source Files\Tree</Filter>
    </ClCompile>
    <ClCompile Include="113-Path Sum II.cpp">
      <Filter>Source Files\Tree</Filter>
    </ClCompile>
    <ClCompile Include="111-Minimum Depth of Binary Tree.cpp">
      <Filter>Source Files\Tree</Filter>
    </ClCompile>
    <ClCompile Include="109-Convert Sorted List to Binary Search Tree.cpp">
      <Filter>Source Files\Tree</Filter>
    </ClCompile>
    <ClCompile Include="108-Convert Sorted Array to Binary Search Tree.cpp">
      <Filter>Source Files\Tree</Filter>
    </ClCompile>
    <ClCompile Include="104-Maximum Depth of Binary Tree.cpp">
      <Filter>Source Files\Tree</Filter>
    </ClCompile>
    <ClCompile Include="103-Binary Tree Zigzag Level Order Traversal.cpp">
      <Filter>Source Files\Tree</Filter>
    </ClCompile>
    <ClCompile Include="102-Binary Tree Level Order Traversal.cpp">
      <Filter>Source Files\Tree</Filter>
    </ClCompile>
    <ClCompile Include="099-Recover Binary Search Tree.cpp">
      <Filter>Source Files\Tree</Filter>
    </ClCompile>
    <ClCompile Include="100-Same Tree.cpp">
      <Filter>Source Files\Tree</Filter>
    </ClCompile>
    <ClCompile Include="101-Symmetric Tree.cpp">
      <Filter>Source Files\Tree</Filter>
    </ClCompile>
    <ClCompile Include="094-Binary Tree Inorder Traversal.cpp">
      <Filter>Source Files\Tree</Filter>
    </ClCompile>
    <ClCompile Include="114-Flatten Binary Tree to Linked List.cpp">
      <Filter>Source Files\Tree</Filter>
    </ClCompile>
    <ClCompile Include="000-105-Construct Binary Tree from Preorder and Inorder Traversal.cpp">
      <Filter>Source Files\Tree</Filter>
    </ClCompile>
    <ClCompile Include="000-098-Validate Binary Search Tree.cpp">
      <Filter>Source Files\Tree</Filter>
    </ClCompile>
    <ClCompile Include="[095-Unique Binary Search Trees II].cpp">
      <Filter>Source Files\Tree</Filter>
    </ClCompile>
    <ClCompile Include="[096-Unique Binary Search Trees].cpp">
      <Filter>Source Files\Tree</Filter>
    </ClCompile>
    <ClCompile Include="[145 - Binary Tree Postorder Traversal].cpp">
      <Filter>Source Files\Tree</Filter>
    </ClCompile>
    <ClCompile Include="000-146 - LRU Cache.cpp">
      <Filter>Source Files</Filter>
    </ClCompile>
    <ClCompile Include="147 - Insertion Sort List.cpp">
      <Filter>Source Files\LinkedList</Filter>
    </ClCompile>
    <ClCompile Include="138 - Copy List with Random Pointer.cpp">
      <Filter>Source Files\LinkedList</Filter>
    </ClCompile>
    <ClCompile Include="[148 - Sort List].cpp">
      <Filter>Source Files\LinkedList</Filter>
    </ClCompile>
    <ClCompile Include="149 - Max Points on a Line.cpp">
      <Filter>Source Files</Filter>
    </ClCompile>
    <ClCompile Include="150 - Evaluate Reverse Polish Notation.cpp">
      <Filter>Source Files</Filter>
    </ClCompile>
    <ClCompile Include="151 - Reverse Words in a String.cpp">
      <Filter>Source Files</Filter>
    </ClCompile>
    <ClCompile Include="152 - Maximum Product Subarray.cpp">
      <Filter>Source Files</Filter>
    </ClCompile>
    <ClCompile Include="153 - Find Minimum in Rotated Sorted Array.cpp">
      <Filter>Source Files</Filter>
    </ClCompile>
    <ClCompile Include="154 - Find Minimum in Rotated Sorted Array II.cpp">
      <Filter>Source Files</Filter>
    </ClCompile>
    <ClCompile Include="155 - Min Stack.cpp">
      <Filter>Source Files</Filter>
    </ClCompile>
    <ClCompile Include="160 - Intersection of Two Linked Lists.cpp">
      <Filter>Source Files</Filter>
    </ClCompile>
    <ClCompile Include="157 - Read N Characters Given Read4 .cpp">
      <Filter>Source Files</Filter>
    </ClCompile>
    <ClCompile Include="159 - Longest Substring with At Most Two Distinct Characters.cpp">
      <Filter>Source Files</Filter>
    </ClCompile>
    <ClCompile Include="161 - One Edit Distance.cpp">
      <Filter>Source Files</Filter>
    </ClCompile>
    <ClCompile Include="[072-Edit Distance].cpp">
      <Filter>Source Files\DP</Filter>
    </ClCompile>
    <ClCompile Include="162 - Find Peak Element.cpp">
      <Filter>Source Files</Filter>
    </ClCompile>
    <ClCompile Include="163 - Missing Ranges.cpp">
      <Filter>Source Files</Filter>
    </ClCompile>
    <ClCompile Include="165 - Compare Version Numbers.cpp">
      <Filter>Source Files</Filter>
    </ClCompile>
    <ClCompile Include="[166 - Fraction to Recurring Decimal].cpp">
      <Filter>Source Files</Filter>
    </ClCompile>
    <ClCompile Include="167 - Two Sum II - Input array is sorted.cpp">
      <Filter>Source Files</Filter>
    </ClCompile>
    <ClCompile Include="[001-TwoSum].cpp">
      <Filter>Source Files</Filter>
    </ClCompile>
    <ClCompile Include="[168 - Excel Sheet Column Title].cpp">
      <Filter>Source Files</Filter>
    </ClCompile>
    <ClCompile Include="169 - Majority Element.cpp">
      <Filter>Source Files</Filter>
    </ClCompile>
    <ClCompile Include="170 - Two Sum III - Data structure design.cpp">
      <Filter>Source Files</Filter>
    </ClCompile>
    <ClCompile Include="171 - Excel Sheet Column Number.cpp">
      <Filter>Source Files</Filter>
    </ClCompile>
    <ClCompile Include="[172 - Factorial Trailing Zeroes].cpp">
      <Filter>Source Files</Filter>
    </ClCompile>
    <ClCompile Include="[174 - Dungeon Game].cpp">
      <Filter>Source Files\DP</Filter>
    </ClCompile>
    <ClCompile Include="179 - Largest Number.cpp">
      <Filter>Source Files</Filter>
    </ClCompile>
    <ClCompile Include="187 - Repeated DNA Sequences.cpp">
      <Filter>Source Files</Filter>
    </ClCompile>
    <ClCompile Include="[121-Best Time to Buy and Sell Stock].cpp">
      <Filter>Source Files\DP</Filter>
    </ClCompile>
    <ClCompile Include="[122-Best Time to Buy and Sell Stock II].cpp">
      <Filter>Source Files\DP</Filter>
    </ClCompile>
    <ClCompile Include="[123-Best Time to Buy and Sell Stock III].cpp">
      <Filter>Source Files\DP</Filter>
    </ClCompile>
    <ClCompile Include="[188 - Best Time to Buy and Sell Stock IV].cpp">
      <Filter>Source Files\DP</Filter>
    </ClCompile>
    <ClCompile Include="189 - Rotate Array.cpp">
      <Filter>Source Files</Filter>
    </ClCompile>
    <ClCompile Include="190 - Reverse Bits.cpp">
      <Filter>Source Files</Filter>
    </ClCompile>
    <ClCompile Include="191 - Number of 1 Bits.cpp">
      <Filter>Source Files</Filter>
    </ClCompile>
    <ClCompile Include="201 - Bitwise AND of Numbers Range.cpp">
      <Filter>Source Files</Filter>
    </ClCompile>
    <ClCompile Include="202 - Happy Number.cpp">
      <Filter>Source Files</Filter>
    </ClCompile>
    <ClCompile Include="203 - Remove Linked List Elements.cpp">
      <Filter>Source Files</Filter>
    </ClCompile>
    <ClCompile Include="[204 - Count Primes].cpp">
      <Filter>Source Files</Filter>
    </ClCompile>
    <ClCompile Include="205 - Isomorphic Strings.cpp">
      <Filter>Source Files</Filter>
    </ClCompile>
    <ClCompile Include="206 - Reverse Linked List.cpp">
      <Filter>Source Files</Filter>
    </ClCompile>
    <ClCompile Include="[207 - Course Schedule].cpp">
      <Filter>Source Files</Filter>
    </ClCompile>
    <ClCompile Include="209 - Minimum Size Subarray Sum.cpp">
      <Filter>Source Files</Filter>
    </ClCompile>
    <ClCompile Include="[210 - Course Schedule II].cpp">
      <Filter>Source Files</Filter>
    </ClCompile>
    <ClCompile Include="208 - Implement Trie (Prefix Tree).cpp">
      <Filter>Source Files\Tree\Trie</Filter>
    </ClCompile>
    <ClCompile Include="211 - Add and Search Word - Data structure design.cpp">
      <Filter>Source Files\Tree\Trie</Filter>
    </ClCompile>
    <ClCompile Include="000 - 212 - Word Search II.cpp">
      <Filter>Source Files\Tree\Trie</Filter>
    </ClCompile>
    <ClCompile Include="213 - House Robber II.cpp">
      <Filter>Source Files</Filter>
    </ClCompile>
    <ClCompile Include="000 - 214 - Shortest Palindrome.cpp">
      <Filter>Source Files</Filter>
    </ClCompile>
    <ClCompile Include="215 - Kth Largest Element in an Array.cpp">
      <Filter>Source Files</Filter>
    </ClCompile>
    <ClCompile Include="[015-3Sum].cpp">
      <Filter>Source Files</Filter>
    </ClCompile>
    <ClCompile Include="[216 - Combination Sum III].cpp">
      <Filter>Source Files</Filter>
    </ClCompile>
    <ClCompile Include="217 - Contains Duplicate.cpp">
      <Filter>Source Files</Filter>
    </ClCompile>
    <ClCompile Include="218 - The Skyline Problem.cpp">
      <Filter>Source Files</Filter>
    </ClCompile>
    <ClCompile Include="219 - Contains Duplicate II.cpp">
      <Filter>Source Files</Filter>
    </ClCompile>
    <ClCompile Include="220 - Contains Duplicate III.cpp">
      <Filter>Source Files</Filter>
    </ClCompile>
    <ClCompile Include="[222 - Count Complete Tree Nodes].cpp">
      <Filter>Source Files</Filter>
    </ClCompile>
    <ClCompile Include="[221 - Maximal Square].cpp">
      <Filter>Source Files</Filter>
    </ClCompile>
    <ClCompile Include="223 - Rectangle Area.cpp">
      <Filter>Source Files</Filter>
    </ClCompile>
    <ClCompile Include="225 - Implement Stack using Queues.cpp">
      <Filter>Source Files</Filter>
    </ClCompile>
    <ClCompile Include="000 - 224 - Basic Calculator.cpp">
      <Filter>Source Files</Filter>
    </ClCompile>
    <ClCompile Include="227 - Basic Calculator II.cpp">
      <Filter>Source Files</Filter>
    </ClCompile>
    <ClCompile Include="228 - Summary Ranges.cpp">
      <Filter>Source Files</Filter>
    </ClCompile>
    <ClCompile Include="229 - Majority Element II.cpp">
      <Filter>Source Files</Filter>
    </ClCompile>
    <ClCompile Include="230 - Kth Smallest Element in a BST.cpp">
      <Filter>Source Files</Filter>
    </ClCompile>
    <ClCompile Include="231 - Power of Two.cpp">
      <Filter>Source Files</Filter>
    </ClCompile>
    <ClCompile Include="232 - Implement Queue using Stacks.cpp">
      <Filter>Source Files</Filter>
    </ClCompile>
    <ClCompile Include="[233 - Number of Digit One].cpp">
      <Filter>Source Files</Filter>
    </ClCompile>
    <ClCompile Include="234 - Palindrome Linked List.cpp">
      <Filter>Source Files</Filter>
    </ClCompile>
    <ClCompile Include="000 - 236 -  Lowest Common Ancestor of a Binary Tree.cpp">
      <Filter>Source Files</Filter>
    </ClCompile>
    <ClCompile Include="237 - Delete Node in a Linked List.cpp">
      <Filter>Source Files</Filter>
    </ClCompile>
    <ClCompile Include="[238 - Product of Array Except Self].cpp">
      <Filter>Source Files</Filter>
    </ClCompile>
    <ClCompile Include="[240 - Search a 2D Matrix II].cpp">
      <Filter>Source Files</Filter>
    </ClCompile>
    <ClCompile Include="[239 - Sliding Window Maximum].cpp">
      <Filter>Source Files</Filter>
    </ClCompile>
    <ClCompile Include="000 - 241 - Different Ways to Add Parentheses.cpp">
      <Filter>Source Files</Filter>
    </ClCompile>
    <ClCompile Include="242 - Valid Anagram.cpp">
      <Filter>Source Files</Filter>
    </ClCompile>
    <ClCompile Include="243 - Shortest Word Distance.cpp">
      <Filter>Source Files</Filter>
    </ClCompile>
    <ClCompile Include="244 -Shortest Word Distance II.cpp">
      <Filter>Source Files</Filter>
    </ClCompile>
    <ClCompile Include="245 - Shortest Word Distance III.cpp">
      <Filter>Source Files</Filter>
    </ClCompile>
    <ClCompile Include="246 - Strobogrammatic Number.cpp">
      <Filter>Source Files</Filter>
    </ClCompile>
    <ClCompile Include="247 - Strobogrammatic Number II.cpp">
      <Filter>Source Files</Filter>
    </ClCompile>
    <ClCompile Include="249 - Group Shifted Strings.cpp">
      <Filter>Source Files</Filter>
    </ClCompile>
    <ClCompile Include="000 - 248 - Strobogrammatic Number III.cpp">
      <Filter>Source Files</Filter>
    </ClCompile>
    <ClCompile Include="250 - Count Univalue Subtrees.cpp">
      <Filter>Source Files</Filter>
    </ClCompile>
    <ClCompile Include="251 - Flatten 2D Vector.cpp">
      <Filter>Source Files</Filter>
    </ClCompile>
    <ClCompile Include="252 - Meeting Rooms.cpp">
      <Filter>Source Files</Filter>
    </ClCompile>
    <ClCompile Include="253 - Meeting Rooms II.cpp">
      <Filter>Source Files</Filter>
    </ClCompile>
    <ClCompile Include="254 - Factor Combinations.cpp">
      <Filter>Source Files</Filter>
    </ClCompile>
    <ClCompile Include="156  - Binary Tree Upside Down.cpp">
      <Filter>Source Files\Tree</Filter>
    </ClCompile>
    <ClCompile Include="173 - Binary Search Tree Iterator.cpp">
      <Filter>Source Files\Tree</Filter>
    </ClCompile>
    <ClCompile Include="199 - Binary Tree Right Side View.cpp">
      <Filter>Source Files\Tree</Filter>
    </ClCompile>
    <ClCompile Include="226 - Invert Binary Tree.cpp">
      <Filter>Source Files\Tree</Filter>
    </ClCompile>
    <ClCompile Include="[255 - Verify Preorder Sequence in Binary Search Tree].cpp">
      <Filter>Source Files</Filter>
    </ClCompile>
    <ClCompile Include="256 - Paint House.cpp">
      <Filter>Source Files</Filter>
    </ClCompile>
    <ClCompile Include="257 - Binary Tree Paths.cpp">
      <Filter>Source Files</Filter>
    </ClCompile>
    <ClCompile Include="259 - 3Sum Smaller.cpp">
      <Filter>Source Files</Filter>
    </ClCompile>
    <ClCompile Include="260 - Single Number III.cpp">
      <Filter>Source Files</Filter>
    </ClCompile>
    <ClCompile Include="263 - Ugly Number.cpp">
      <Filter>Source Files</Filter>
    </ClCompile>
    <ClCompile Include="264 - Ugly Number II.cpp">
      <Filter>Source Files</Filter>
    </ClCompile>
    <ClCompile Include="265 - Paint House II.cpp">
      <Filter>Source Files</Filter>
    </ClCompile>
    <ClCompile Include="266 - Palindrome Permutation.cpp">
      <Filter>Source Files</Filter>
    </ClCompile>
    <ClCompile Include="267 - Palindrome Permutation II.cpp">
      <Filter>Source Files</Filter>
    </ClCompile>
    <ClCompile Include="268 - Missing Number.cpp">
      <Filter>Source Files</Filter>
    </ClCompile>
    <ClCompile Include="269 - Alien Dictionary.cpp">
      <Filter>Source Files</Filter>
    </ClCompile>
    <ClCompile Include="270 - Closest Binary Search Tree Value.cpp">
      <Filter>Source Files</Filter>
    </ClCompile>
    <ClCompile Include="271 - Closest Binary Search Tree Value II.cpp">
      <Filter>Source Files</Filter>
    </ClCompile>
    <ClCompile Include="271 - Encode and Decode Strings.cpp">
      <Filter>Source Files</Filter>
    </ClCompile>
    <ClCompile Include="273 - Integer to English Words   .cpp">
      <Filter>Source Files</Filter>
    </ClCompile>
    <ClCompile Include="275 - H-Index II.cpp">
      <Filter>Source Files</Filter>
    </ClCompile>
    <ClCompile Include="277 - Find the Celebrity.cpp">
      <Filter>Source Files</Filter>
    </ClCompile>
    <ClCompile Include="[276 - Paint Fence].cpp">
      <Filter>Source Files\DP</Filter>
    </ClCompile>
    <ClCompile Include="278 - First Bad Version.cpp">
      <Filter>Source Files</Filter>
    </ClCompile>
    <ClCompile Include="[279 - Perfect Squares].cpp">
      <Filter>Source Files\DP</Filter>
    </ClCompile>
    <ClCompile Include="280 - Wiggle Sort.cpp">
      <Filter>Source Files</Filter>
    </ClCompile>
    <ClCompile Include="281 - Zigzag Iterator.cpp">
      <Filter>Source Files</Filter>
    </ClCompile>
    <ClCompile Include="283 - Move Zeroes.cpp">
      <Filter>Source Files</Filter>
    </ClCompile>
    <ClCompile Include="282 - Expression Add Operators.cpp">
      <Filter>Source Files</Filter>
    </ClCompile>
    <ClCompile Include="284 - Peeking Iterator.cpp">
      <Filter>Source Files</Filter>
    </ClCompile>
    <ClCompile Include="285 - Inorder Successor in BST.cpp">
      <Filter>Source Files\Tree</Filter>
    </ClCompile>
    <ClCompile Include="286 - Walls and Gates.cpp">
      <Filter>Source Files</Filter>
    </ClCompile>
    <ClCompile Include="287 - Find the Duplicate Number.cpp">
      <Filter>Source Files</Filter>
    </ClCompile>
    <ClCompile Include="288 - Unique Word Abbreviation.cpp">
      <Filter>Source Files</Filter>
    </ClCompile>
    <ClCompile Include="289 - Game of Life.cpp">
      <Filter>Source Files</Filter>
    </ClCompile>
    <ClCompile Include="290 - Word Pattern.cpp">
      <Filter>Source Files</Filter>
    </ClCompile>
    <ClCompile Include="291 - word pattern II.cpp">
      <Filter>Source Files</Filter>
    </ClCompile>
    <ClCompile Include="292 - Nim Game.cpp">
      <Filter>Source Files</Filter>
    </ClCompile>
    <ClCompile Include="293 - Flip Game .cpp">
      <Filter>Source Files</Filter>
    </ClCompile>
    <ClCompile Include="294 - Flip Game II.cpp">
      <Filter>Source Files</Filter>
    </ClCompile>
    <ClCompile Include="295 - Find Median from Data Stream.cpp">
      <Filter>Source Files</Filter>
    </ClCompile>
    <ClCompile Include="296 - Best Meeting Point.cpp">
      <Filter>Source Files</Filter>
    </ClCompile>
    <ClCompile Include="298 - Binary Tree Longest Consecutive Sequence.cpp">
      <Filter>Source Files</Filter>
    </ClCompile>
    <ClCompile Include="297 - Serialize and Deserialize Binary Tree.cpp">
      <Filter>Source Files\Tree</Filter>
    </ClCompile>
    <ClCompile Include="299 - Bulls and Cows.cpp">
      <Filter>Source Files</Filter>
    </ClCompile>
    <ClCompile Include="300 - Longest Increasing Subsequence.cpp">
      <Filter>Source Files</Filter>
    </ClCompile>
    <ClCompile Include="301 - Remove Invalid Parentheses.cpp">
      <Filter>Source Files</Filter>
    </ClCompile>
    <ClCompile Include="302 - Smallest Rectangle Enclosing Black Pixels.cpp">
      <Filter>Source Files</Filter>
    </ClCompile>
    <ClCompile Include="303 - Range Sum Query - Immutable.cpp">
      <Filter>Source Files</Filter>
    </ClCompile>
    <ClCompile Include="304 - Range Sum Query 2D - Immutable.cpp">
      <Filter>Source Files</Filter>
    </ClCompile>
    <ClCompile Include="305 - Number of Islands II.cpp">
      <Filter>Source Files\UnionFind</Filter>
    </ClCompile>
    <ClCompile Include="128 - Longest Consecutive Sequence.cpp">
      <Filter>Source Files\UnionFind</Filter>
    </ClCompile>
    <ClCompile Include="130 - Surrounded Regions.cpp">
      <Filter>Source Files\UnionFind</Filter>
    </ClCompile>
    <ClCompile Include="200-  Number of Islands.cpp">
      <Filter>Source Files\UnionFind</Filter>
    </ClCompile>
    <ClCompile Include="[261 - Graph Valid Tree].cpp">
      <Filter>Source Files\UnionFind</Filter>
    </ClCompile>
    <ClCompile Include="306 - Additive Number.cpp">
      <Filter>Source Files</Filter>
    </ClCompile>
    <ClCompile Include="308 - Range Sum Query 2D - Mutable.cpp">
      <Filter>Source Files\Tree\BinaryIndexedTree</Filter>
    </ClCompile>
    <ClCompile Include="[307 - Range Sum Query - Mutable].cpp">
      <Filter>Source Files\Tree\BinaryIndexedTree</Filter>
    </ClCompile>
    <ClCompile Include="[309 - Best Time to Buy and Sell Stock with Cooldown].cpp">
      <Filter>Source Files\DP</Filter>
    </ClCompile>
    <ClCompile Include="310 - Minimum Height Trees.cpp">
      <Filter>Source Files</Filter>
    </ClCompile>
    <ClCompile Include="311 - Sparse Matrix Multiplication.cpp">
      <Filter>Source Files</Filter>
    </ClCompile>
    <ClCompile Include="000 - 312 - Burst Balloons.cpp">
      <Filter>Source Files</Filter>
    </ClCompile>
    <ClCompile Include="313 - Super Ugly Number.cpp">
      <Filter>Source Files</Filter>
    </ClCompile>
    <ClCompile Include="314 - Binary Tree Vertical Order Traversal.cpp">
      <Filter>Source Files</Filter>
    </ClCompile>
    <ClCompile Include="315 - Count of Smaller Numbers After Self.cpp">
      <Filter>Source Files</Filter>
    </ClCompile>
    <ClCompile Include="[316 - Remove Duplicate Letters].cpp">
      <Filter>Source Files</Filter>
    </ClCompile>
    <ClCompile Include="[317 - Shortest Distance from All Buildings].cpp">
      <Filter>Source Files</Filter>
    </ClCompile>
    <ClCompile Include="318 - Maximum Product of Word Lengths.cpp">
      <Filter>Source Files</Filter>
    </ClCompile>
    <ClCompile Include="[319 - Bulb Switcher].cpp">
      <Filter>Source Files</Filter>
    </ClCompile>
    <ClCompile Include="[320 - Generalized Abbreviation].cpp">
      <Filter>Source Files\Backtracking</Filter>
    </ClCompile>
    <ClCompile Include="321 - Create Maximum Number.cpp">
      <Filter>Source Files</Filter>
    </ClCompile>
    <ClCompile Include="[322 - Coin Change].cpp">
      <Filter>Source Files\DP</Filter>
    </ClCompile>
    <ClCompile Include="323 - Number of Connected Components in an Undirected Graph.cpp">
      <Filter>Source Files\UnionFind</Filter>
    </ClCompile>
    <ClCompile Include="[324 - Wiggle Sort II].cpp">
      <Filter>Source Files</Filter>
    </ClCompile>
    <ClCompile Include="325 - Maximum Size Subarray Sum Equals k.cpp">
      <Filter>Source Files</Filter>
    </ClCompile>
    <ClCompile Include="326 - Power of Three.cpp">
      <Filter>Source Files</Filter>
    </ClCompile>
    <ClCompile Include="[327 - Count of Range Sum].cpp">
      <Filter>Source Files</Filter>
    </ClCompile>
    <ClCompile Include="328 - Odd Even Linked List.cpp">
      <Filter>Source Files</Filter>
    </ClCompile>
    <ClCompile Include="329 - Longest Increasing Path in a Matrix.cpp">
      <Filter>Source Files</Filter>
    </ClCompile>
    <ClCompile Include="330 - Patching Array.cpp">
      <Filter>Source Files</Filter>
    </ClCompile>
    <ClCompile Include="331 - Verify Preorder Serialization of a Binary Tree.cpp">
      <Filter>Source Files</Filter>
    </ClCompile>
    <ClCompile Include="332 - Reconstruct Itinerary.cpp">
      <Filter>Source Files</Filter>
    </ClCompile>
    <ClCompile Include="333 - Largest BST Subtree.cpp">
      <Filter>Source Files</Filter>
    </ClCompile>
    <ClCompile Include="334 - Increasing Triplet Subsequence.cpp">
      <Filter>Source Files</Filter>
    </ClCompile>
    <ClCompile Include="335 - Self Crossing.cpp">
      <Filter>Source Files</Filter>
    </ClCompile>
    <ClCompile Include="336 - Palindrome Pairs.cpp">
      <Filter>Source Files</Filter>
    </ClCompile>
    <ClCompile Include="337 - House Robber III.cpp">
      <Filter>Source Files</Filter>
    </ClCompile>
    <ClCompile Include="338 - Counting Bits.cpp">
      <Filter>Source Files</Filter>
    </ClCompile>
    <ClCompile Include="339 - Nested List Weight Sum.cpp">
      <Filter>Source Files</Filter>
    </ClCompile>
    <ClCompile Include="340  - Longest Substring with At Most K Distinct Characters.cpp">
      <Filter>Source Files</Filter>
    </ClCompile>
    <ClCompile Include="341 - Flatten Nested List Iterator.cpp">
      <Filter>Source Files</Filter>
    </ClCompile>
    <ClCompile Include="342 - Power of Four.cpp">
      <Filter>Source Files</Filter>
    </ClCompile>
    <ClCompile Include="343 - Integer Break.cpp">
      <Filter>Source Files\DP</Filter>
    </ClCompile>
    <ClCompile Include="344 - Reverse String.cpp">
      <Filter>Source Files</Filter>
    </ClCompile>
    <ClCompile Include="345 - Reverse Vowels of a String.cpp">
      <Filter>Source Files</Filter>
    </ClCompile>
    <ClCompile Include="346 - Moving Average from Data Stream.cpp">
      <Filter>Source Files</Filter>
    </ClCompile>
    <ClCompile Include="347 - Top K Frequent Elements.cpp">
      <Filter>Source Files</Filter>
    </ClCompile>
    <ClCompile Include="348 - Design Tic-Tac-Toe.cpp">
      <Filter>Source Files</Filter>
    </ClCompile>
    <ClCompile Include="349 - Intersection of Two Arrays.cpp">
      <Filter>Source Files</Filter>
    </ClCompile>
    <ClCompile Include="350 - Intersection of Two Arrays II.cpp">
      <Filter>Source Files</Filter>
    </ClCompile>
    <ClCompile Include="000-351 - Android Unlock Patterns.cpp">
      <Filter>Source Files</Filter>
    </ClCompile>
    <ClCompile Include="352 - Data Stream as Disjoint Intervals.cpp">
      <Filter>Source Files</Filter>
    </ClCompile>
    <ClCompile Include="353 - Design Snake Game.cpp">
      <Filter>Source Files</Filter>
    </ClCompile>
    <ClCompile Include="354 - Russian Doll Envelopes.cpp">
      <Filter>Source Files</Filter>
    </ClCompile>
    <ClCompile Include="355 - Design Twitter.cpp">
      <Filter>Source Files</Filter>
    </ClCompile>
    <ClCompile Include="356 - Line Reflection.cpp">
      <Filter>Source Files</Filter>
    </ClCompile>
    <ClCompile Include="357 - Count Numbers with Unique Digits.cpp">
      <Filter>Source Files</Filter>
    </ClCompile>
    <ClCompile Include="358 - Rearrange String k Distance Apart.cpp">
      <Filter>Source Files</Filter>
    </ClCompile>
    <ClCompile Include="359 - Logger Rate Limiter.cpp">
      <Filter>Source Files</Filter>
    </ClCompile>
    <ClCompile Include="360 - Sort Transformed Array.cpp">
      <Filter>Source Files</Filter>
    </ClCompile>
    <ClCompile Include="361 - Bomb Enemy.cpp">
      <Filter>Source Files</Filter>
    </ClCompile>
    <ClCompile Include="362 - Design Hit Counter.cpp">
      <Filter>Source Files</Filter>
    </ClCompile>
    <ClCompile Include="198 - House Robber.cpp">
      <Filter>Source Files\DP</Filter>
    </ClCompile>
    <ClCompile Include="[055-Jump Game].cpp">
      <Filter>Source Files\DP</Filter>
    </ClCompile>
    <ClCompile Include="[164 - Maximum Gap].cpp">
      <Filter>Source Files\BucketSort</Filter>
    </ClCompile>
    <ClCompile Include="274 - H-Index.cpp">
      <Filter>Source Files\BucketSort</Filter>
    </ClCompile>
    <ClCompile Include="000 - 363 - Max Sum of Rectangle No Larger Than K.cpp">
      <Filter>Source Files</Filter>
    </ClCompile>
    <ClCompile Include="364 - Nested List Weight Sum II.cpp">
      <Filter>Source Files</Filter>
    </ClCompile>
    <ClCompile Include="365 - Water and Jug Problem.cpp">
      <Filter>Source Files</Filter>
    </ClCompile>
    <ClCompile Include="366 - Find Leaves of Binary Tree.cpp">
      <Filter>Source Files</Filter>
    </ClCompile>
    <ClCompile Include="367 - Valid Perfect Square.cpp">
      <Filter>Source Files</Filter>
    </ClCompile>
    <ClCompile Include="368 - Largest Divisible Subset.cpp">
      <Filter>Source Files</Filter>
    </ClCompile>
    <ClCompile Include="369 - Plus One Linked List.cpp">
      <Filter>Source Files</Filter>
    </ClCompile>
    <ClCompile Include="370 - Range Addition.cpp">
      <Filter>Source Files</Filter>
    </ClCompile>
    <ClCompile Include="460 - Least Frequently Used Cache.cpp">
      <Filter>Source Files</Filter>
    </ClCompile>
    <ClCompile Include="372 - Super Pow.cpp">
      <Filter>Source Files</Filter>
    </ClCompile>
    <ClCompile Include="[371 - Sum of Two Integers].cpp">
      <Filter>Source Files</Filter>
    </ClCompile>
    <ClCompile Include="[373 - Find K Pairs with Smallest Sums].cpp">
      <Filter>Source Files</Filter>
    </ClCompile>
    <ClCompile Include="374 - Guess Number Higher or Lower.cpp">
      <Filter>Source Files</Filter>
    </ClCompile>
    <ClCompile Include="375 - Guess Number Higher or Lower II.cpp">
      <Filter>Source Files</Filter>
    </ClCompile>
    <ClCompile Include="376 - Wiggle Subsequence.cpp">
      <Filter>Source Files</Filter>
    </ClCompile>
    <ClCompile Include="377 - Combination Sum IV.cpp">
      <Filter>Source Files</Filter>
    </ClCompile>
    <ClCompile Include="378 - Kth Smallest Element in a Sorted Matrix.cpp">
      <Filter>Source Files</Filter>
    </ClCompile>
    <ClCompile Include="392 - Is Subsequence.cpp">
      <Filter>Source Files\DP</Filter>
    </ClCompile>
    <ClCompile Include="403 - Frog Jump.cpp">
      <Filter>Source Files\DP</Filter>
    </ClCompile>
    <ClCompile Include="410 - Split Array Largest Sum.cpp">
      <Filter>Source Files\DP</Filter>
    </ClCompile>
    <ClCompile Include="413 - Arithmetic Slices.cpp">
      <Filter>Source Files\DP</Filter>
    </ClCompile>
    <ClCompile Include="000 - 416 - Partition Equal Subset Sum.cpp">
      <Filter>Source Files\DP</Filter>
    </ClCompile>
    <ClCompile Include="000 - 446 - Arithmetic Slices II - Subsequence.cpp">
      <Filter>Source Files\DP</Filter>
    </ClCompile>
    <ClCompile Include="464 - Can I Win.cpp">
      <Filter>Source Files\DP</Filter>
    </ClCompile>
    <ClCompile Include="000 - 418 - Sentence Screen Fitting.cpp">
      <Filter>Source Files\DP</Filter>
    </ClCompile>
    <ClCompile Include="002-AddTwoNumbers.cpp">
      <Filter>Source Files\LinkedList</Filter>
    </ClCompile>
    <ClCompile Include="005-Longest Palindromic Substring.cpp">
      <Filter>Source Files\DP</Filter>
    </ClCompile>
    <ClCompile Include="[258 - Add Digits].cpp">
      <Filter>Source Files</Filter>
    </ClCompile>
    <ClCompile Include="046-Permutations.cpp">
      <Filter>Source Files\Backtracking</Filter>
    </ClCompile>
    <ClCompile Include="419 - Battleships in a Board.cpp">
      <Filter>Source Files</Filter>
    </ClCompile>
    <ClCompile Include="235 - Lowest Common Ancestor of a Binary Search Tree.cpp">
      <Filter>Source Files\Tree</Filter>
    </ClCompile>
    <ClCompile Include="079-Word Search.cpp">
      <Filter>Source Files\Backtracking</Filter>
    </ClCompile>
  </ItemGroup>
  <ItemGroup>
    <ClInclude Include="Header.h">
      <Filter>Source Files</Filter>
    </ClInclude>
  </ItemGroup>
</Project>